// !$*UTF8*$!
{
	archiveVersion = 1;
	classes = {
	};
	objectVersion = 50;
	objects = {

/* Begin PBXBuildFile section */
		2F0C74BC2310EAA500D1366A /* AppDelegate.swift in Sources */ = {isa = PBXBuildFile; fileRef = 2F0C74BB2310EAA500D1366A /* AppDelegate.swift */; };
		2F0C74BE2310EAA500D1366A /* ViewController.swift in Sources */ = {isa = PBXBuildFile; fileRef = 2F0C74BD2310EAA500D1366A /* ViewController.swift */; };
		2F0C74C12310EAA600D1366A /* Main.storyboard in Resources */ = {isa = PBXBuildFile; fileRef = 2F0C74BF2310EAA600D1366A /* Main.storyboard */; };
		2F0C74C32310EAA700D1366A /* Assets.xcassets in Resources */ = {isa = PBXBuildFile; fileRef = 2F0C74C22310EAA700D1366A /* Assets.xcassets */; };
		2F0C74C62310EAA700D1366A /* LaunchScreen.storyboard in Resources */ = {isa = PBXBuildFile; fileRef = 2F0C74C42310EAA700D1366A /* LaunchScreen.storyboard */; };
/* End PBXBuildFile section */

/* Begin PBXFileReference section */
		2F0C74B82310EAA500D1366A /* MCitySight.app */ = {isa = PBXFileReference; explicitFileType = wrapper.application; includeInIndex = 0; path = MCitySight.app; sourceTree = BUILT_PRODUCTS_DIR; };
		2F0C74BB2310EAA500D1366A /* AppDelegate.swift */ = {isa = PBXFileReference; lastKnownFileType = sourcecode.swift; path = AppDelegate.swift; sourceTree = "<group>"; };
		2F0C74BD2310EAA500D1366A /* ViewController.swift */ = {isa = PBXFileReference; lastKnownFileType = sourcecode.swift; path = ViewController.swift; sourceTree = "<group>"; };
		2F0C74C02310EAA600D1366A /* Base */ = {isa = PBXFileReference; lastKnownFileType = file.storyboard; name = Base; path = Base.lproj/Main.storyboard; sourceTree = "<group>"; };
		2F0C74C22310EAA700D1366A /* Assets.xcassets */ = {isa = PBXFileReference; lastKnownFileType = folder.assetcatalog; path = Assets.xcassets; sourceTree = "<group>"; };
		2F0C74C52310EAA700D1366A /* Base */ = {isa = PBXFileReference; lastKnownFileType = file.storyboard; name = Base; path = Base.lproj/LaunchScreen.storyboard; sourceTree = "<group>"; };
		2F0C74C72310EAA700D1366A /* Info.plist */ = {isa = PBXFileReference; lastKnownFileType = text.plist.xml; path = Info.plist; sourceTree = "<group>"; };
/* End PBXFileReference section */

/* Begin PBXFrameworksBuildPhase section */
		2F0C74B52310EAA500D1366A /* Frameworks */ = {
			isa = PBXFrameworksBuildPhase;
			buildActionMask = 2147483647;
			files = (
			);
			runOnlyForDeploymentPostprocessing = 0;
		};
/* End PBXFrameworksBuildPhase section */

/* Begin PBXGroup section */
		2F0C74AF2310EAA500D1366A = {
			isa = PBXGroup;
			children = (
				2F0C74BA2310EAA500D1366A /* MCitySight */,
				2F0C74B92310EAA500D1366A /* Products */,
			);
			sourceTree = "<group>";
		};
		2F0C74B92310EAA500D1366A /* Products */ = {
			isa = PBXGroup;
			children = (
				2F0C74B82310EAA500D1366A /* MCitySight.app */,
			);
			name = Products;
			sourceTree = "<group>";
		};
		2F0C74BA2310EAA500D1366A /* MCitySight */ = {
			isa = PBXGroup;
			children = (
				2F0C74BB2310EAA500D1366A /* AppDelegate.swift */,
				2F0C74BD2310EAA500D1366A /* ViewController.swift */,
				2F0C74BF2310EAA600D1366A /* Main.storyboard */,
				2F0C74C22310EAA700D1366A /* Assets.xcassets */,
				2F0C74C42310EAA700D1366A /* LaunchScreen.storyboard */,
				2F0C74C72310EAA700D1366A /* Info.plist */,
			);
			path = MCitySight;
			sourceTree = "<group>";
		};
/* End PBXGroup section */

/* Begin PBXNativeTarget section */
		2F0C74B72310EAA500D1366A /* MCitySight */ = {
			isa = PBXNativeTarget;
			buildConfigurationList = 2F0C74CA2310EAA700D1366A /* Build configuration list for PBXNativeTarget "MCitySight" */;
			buildPhases = (
				2F0C74B42310EAA500D1366A /* Sources */,
				2F0C74B52310EAA500D1366A /* Frameworks */,
				2F0C74B62310EAA500D1366A /* Resources */,
			);
			buildRules = (
			);
			dependencies = (
			);
			name = MCitySight;
			productName = MCitySight;
			productReference = 2F0C74B82310EAA500D1366A /* MCitySight.app */;
			productType = "com.apple.product-type.application";
		};
/* End PBXNativeTarget section */

/* Begin PBXProject section */
		2F0C74B02310EAA500D1366A /* Project object */ = {
			isa = PBXProject;
			attributes = {
				LastSwiftUpdateCheck = 1020;
				LastUpgradeCheck = 1020;
				ORGANIZATIONNAME = "Monash University";
				TargetAttributes = {
					2F0C74B72310EAA500D1366A = {
						CreatedOnToolsVersion = 10.2.1;
					};
				};
			};
			buildConfigurationList = 2F0C74B32310EAA500D1366A /* Build configuration list for PBXProject "MCitySight" */;
			compatibilityVersion = "Xcode 9.3";
			developmentRegion = en;
			hasScannedForEncodings = 0;
			knownRegions = (
				en,
				Base,
			);
			mainGroup = 2F0C74AF2310EAA500D1366A;
			productRefGroup = 2F0C74B92310EAA500D1366A /* Products */;
			projectDirPath = "";
			projectRoot = "";
			targets = (
				2F0C74B72310EAA500D1366A /* MCitySight */,
			);
		};
/* End PBXProject section */

/* Begin PBXResourcesBuildPhase section */
		2F0C74B62310EAA500D1366A /* Resources */ = {
			isa = PBXResourcesBuildPhase;
			buildActionMask = 2147483647;
			files = (
				2F0C74C62310EAA700D1366A /* LaunchScreen.storyboard in Resources */,
				2F0C74C32310EAA700D1366A /* Assets.xcassets in Resources */,
				2F0C74C12310EAA600D1366A /* Main.storyboard in Resources */,
			);
			runOnlyForDeploymentPostprocessing = 0;
		};
/* End PBXResourcesBuildPhase section */

/* Begin PBXSourcesBuildPhase section */
		2F0C74B42310EAA500D1366A /* Sources */ = {
			isa = PBXSourcesBuildPhase;
			buildActionMask = 2147483647;
			files = (
				2F0C74BE2310EAA500D1366A /* ViewController.swift in Sources */,
				2F0C74BC2310EAA500D1366A /* AppDelegate.swift in Sources */,
			);
			runOnlyForDeploymentPostprocessing = 0;
		};
/* End PBXSourcesBuildPhase section */

/* Begin PBXVariantGroup section */
		2F0C74BF2310EAA600D1366A /* Main.storyboard */ = {
			isa = PBXVariantGroup;
			children = (
				2F0C74C02310EAA600D1366A /* Base */,
			);
			name = Main.storyboard;
			sourceTree = "<group>";
		};
		2F0C74C42310EAA700D1366A /* LaunchScreen.storyboard */ = {
			isa = PBXVariantGroup;
			children = (
				2F0C74C52310EAA700D1366A /* Base */,
			);
			name = LaunchScreen.storyboard;
			sourceTree = "<group>";
		};
/* End PBXVariantGroup section */

/* Begin XCBuildConfiguration section */
		2F0C74C82310EAA700D1366A /* Debug */ = {
			isa = XCBuildConfiguration;
			buildSettings = {
				ALWAYS_SEARCH_USER_PATHS = NO;
				CLANG_ANALYZER_NONNULL = YES;
				CLANG_ANALYZER_NUMBER_OBJECT_CONVERSION = YES_AGGRESSIVE;
				CLANG_CXX_LANGUAGE_STANDARD = "gnu++14";
				CLANG_CXX_LIBRARY = "libc++";
				CLANG_ENABLE_MODULES = YES;
				CLANG_ENABLE_OBJC_ARC = YES;
				CLANG_ENABLE_OBJC_WEAK = YES;
				CLANG_WARN_BLOCK_CAPTURE_AUTORELEASING = YES;
				CLANG_WARN_BOOL_CONVERSION = YES;
				CLANG_WARN_COMMA = YES;
				CLANG_WARN_CONSTANT_CONVERSION = YES;
				CLANG_WARN_DEPRECATED_OBJC_IMPLEMENTATIONS = YES;
				CLANG_WARN_DIRECT_OBJC_ISA_USAGE = YES_ERROR;
				CLANG_WARN_DOCUMENTATION_COMMENTS = YES;
				CLANG_WARN_EMPTY_BODY = YES;
				CLANG_WARN_ENUM_CONVERSION = YES;
				CLANG_WARN_INFINITE_RECURSION = YES;
				CLANG_WARN_INT_CONVERSION = YES;
				CLANG_WARN_NON_LITERAL_NULL_CONVERSION = YES;
				CLANG_WARN_OBJC_IMPLICIT_RETAIN_SELF = YES;
				CLANG_WARN_OBJC_LITERAL_CONVERSION = YES;
				CLANG_WARN_OBJC_ROOT_CLASS = YES_ERROR;
				CLANG_WARN_RANGE_LOOP_ANALYSIS = YES;
				CLANG_WARN_STRICT_PROTOTYPES = YES;
				CLANG_WARN_SUSPICIOUS_MOVE = YES;
				CLANG_WARN_UNGUARDED_AVAILABILITY = YES_AGGRESSIVE;
				CLANG_WARN_UNREACHABLE_CODE = YES;
				CLANG_WARN__DUPLICATE_METHOD_MATCH = YES;
				CODE_SIGN_IDENTITY = "iPhone Developer";
				COPY_PHASE_STRIP = NO;
				DEBUG_INFORMATION_FORMAT = dwarf;
				ENABLE_STRICT_OBJC_MSGSEND = YES;
				ENABLE_TESTABILITY = YES;
				GCC_C_LANGUAGE_STANDARD = gnu11;
				GCC_DYNAMIC_NO_PIC = NO;
				GCC_NO_COMMON_BLOCKS = YES;
				GCC_OPTIMIZATION_LEVEL = 0;
				GCC_PREPROCESSOR_DEFINITIONS = (
					"DEBUG=1",
					"$(inherited)",
				);
				GCC_WARN_64_TO_32_BIT_CONVERSION = YES;
				GCC_WARN_ABOUT_RETURN_TYPE = YES_ERROR;
				GCC_WARN_UNDECLARED_SELECTOR = YES;
				GCC_WARN_UNINITIALIZED_AUTOS = YES_AGGRESSIVE;
				GCC_WARN_UNUSED_FUNCTION = YES;
				GCC_WARN_UNUSED_VARIABLE = YES;
				IPHONEOS_DEPLOYMENT_TARGET = 12.2;
				MTL_ENABLE_DEBUG_INFO = INCLUDE_SOURCE;
				MTL_FAST_MATH = YES;
				ONLY_ACTIVE_ARCH = YES;
				SDKROOT = iphoneos;
				SWIFT_ACTIVE_COMPILATION_CONDITIONS = DEBUG;
				SWIFT_OPTIMIZATION_LEVEL = "-Onone";
			};
			name = Debug;
		};
		2F0C74C92310EAA700D1366A /* Release */ = {
			isa = XCBuildConfiguration;
			buildSettings = {
				ALWAYS_SEARCH_USER_PATHS = NO;
				CLANG_ANALYZER_NONNULL = YES;
				CLANG_ANALYZER_NUMBER_OBJECT_CONVERSION = YES_AGGRESSIVE;
				CLANG_CXX_LANGUAGE_STANDARD = "gnu++14";
				CLANG_CXX_LIBRARY = "libc++";
				CLANG_ENABLE_MODULES = YES;
				CLANG_ENABLE_OBJC_ARC = YES;
				CLANG_ENABLE_OBJC_WEAK = YES;
				CLANG_WARN_BLOCK_CAPTURE_AUTORELEASING = YES;
				CLANG_WARN_BOOL_CONVERSION = YES;
				CLANG_WARN_COMMA = YES;
				CLANG_WARN_CONSTANT_CONVERSION = YES;
				CLANG_WARN_DEPRECATED_OBJC_IMPLEMENTATIONS = YES;
				CLANG_WARN_DIRECT_OBJC_ISA_USAGE = YES_ERROR;
				CLANG_WARN_DOCUMENTATION_COMMENTS = YES;
				CLANG_WARN_EMPTY_BODY = YES;
				CLANG_WARN_ENUM_CONVERSION = YES;
				CLANG_WARN_INFINITE_RECURSION = YES;
				CLANG_WARN_INT_CONVERSION = YES;
				CLANG_WARN_NON_LITERAL_NULL_CONVERSION = YES;
				CLANG_WARN_OBJC_IMPLICIT_RETAIN_SELF = YES;
				CLANG_WARN_OBJC_LITERAL_CONVERSION = YES;
				CLANG_WARN_OBJC_ROOT_CLASS = YES_ERROR;
				CLANG_WARN_RANGE_LOOP_ANALYSIS = YES;
				CLANG_WARN_STRICT_PROTOTYPES = YES;
				CLANG_WARN_SUSPICIOUS_MOVE = YES;
				CLANG_WARN_UNGUARDED_AVAILABILITY = YES_AGGRESSIVE;
				CLANG_WARN_UNREACHABLE_CODE = YES;
				CLANG_WARN__DUPLICATE_METHOD_MATCH = YES;
				CODE_SIGN_IDENTITY = "iPhone Developer";
				COPY_PHASE_STRIP = NO;
				DEBUG_INFORMATION_FORMAT = "dwarf-with-dsym";
				ENABLE_NS_ASSERTIONS = NO;
				ENABLE_STRICT_OBJC_MSGSEND = YES;
				GCC_C_LANGUAGE_STANDARD = gnu11;
				GCC_NO_COMMON_BLOCKS = YES;
				GCC_WARN_64_TO_32_BIT_CONVERSION = YES;
				GCC_WARN_ABOUT_RETURN_TYPE = YES_ERROR;
				GCC_WARN_UNDECLARED_SELECTOR = YES;
				GCC_WARN_UNINITIALIZED_AUTOS = YES_AGGRESSIVE;
				GCC_WARN_UNUSED_FUNCTION = YES;
				GCC_WARN_UNUSED_VARIABLE = YES;
				IPHONEOS_DEPLOYMENT_TARGET = 12.2;
				MTL_ENABLE_DEBUG_INFO = NO;
				MTL_FAST_MATH = YES;
				SDKROOT = iphoneos;
				SWIFT_COMPILATION_MODE = wholemodule;
				SWIFT_OPTIMIZATION_LEVEL = "-O";
				VALIDATE_PRODUCT = YES;
			};
			name = Release;
		};
		2F0C74CB2310EAA700D1366A /* Debug */ = {
			isa = XCBuildConfiguration;
			buildSettings = {
				ASSETCATALOG_COMPILER_APPICON_NAME = AppIcon;
				CODE_SIGN_STYLE = Automatic;
				DEVELOPMENT_TEAM = 95K4GC8K3F;
				INFOPLIST_FILE = MCitySight/Info.plist;
				LD_RUNPATH_SEARCH_PATHS = (
					"$(inherited)",
					"@executable_path/Frameworks",
				);
				PRODUCT_BUNDLE_IDENTIFIER = monash.MCitySight;
				PRODUCT_NAME = "$(TARGET_NAME)";
				SWIFT_VERSION = 5.0;
				TARGETED_DEVICE_FAMILY = "1,2";
			};
			name = Debug;
		};
		2F0C74CC2310EAA700D1366A /* Release */ = {
			isa = XCBuildConfiguration;
			buildSettings = {
				ASSETCATALOG_COMPILER_APPICON_NAME = AppIcon;
				CODE_SIGN_STYLE = Automatic;
				DEVELOPMENT_TEAM = 95K4GC8K3F;
				INFOPLIST_FILE = MCitySight/Info.plist;
				LD_RUNPATH_SEARCH_PATHS = (
					"$(inherited)",
					"@executable_path/Frameworks",
				);
				PRODUCT_BUNDLE_IDENTIFIER = monash.MCitySight;
				PRODUCT_NAME = "$(TARGET_NAME)";
				SWIFT_VERSION = 5.0;
				TARGETED_DEVICE_FAMILY = "1,2";
			};
			name = Release;
		};
/* End XCBuildConfiguration section */

/* Begin XCConfigurationList section */
		2F0C74B32310EAA500D1366A /* Build configuration list for PBXProject "MCitySight" */ = {
			isa = XCConfigurationList;
			buildConfigurations = (
				2F0C74C82310EAA700D1366A /* Debug */,
				2F0C74C92310EAA700D1366A /* Release */,
			);
			defaultConfigurationIsVisible = 0;
			defaultConfigurationName = Release;
		};
		2F0C74CA2310EAA700D1366A /* Build configuration list for PBXNativeTarget "MCitySight" */ = {
			isa = XCConfigurationList;
			buildConfigurations = (
				2F0C74CB2310EAA700D1366A /* Debug */,
				2F0C74CC2310EAA700D1366A /* Release */,
			);
			defaultConfigurationIsVisible = 0;
			defaultConfigurationName = Release;
		};
/* End XCConfigurationList section */
	};
	rootObject = 2F0C74B02310EAA500D1366A /* Project object */;
}
